
Microsoft Visual Studio Solution File, Format Version 12.00
# Visual Studio 15
VisualStudioVersion = 15.0.28307.136
MinimumVisualStudioVersion = 10.0.40219.1
Project("{FAE04EC0-301F-11D3-BF4B-00C04F79EFBC}") = "OktaDemo", "OktaDemo\OktaDemo.csproj", "{BEEAE410-6397-4DC8-8BAC-9FC1C2FC04FC}"
EndProject
Global
	GlobalSection(SolutionConfigurationPlatforms) = preSolution
		Debug|Any CPU = Debug|Any CPU
		Release|Any CPU = Release|Any CPU
	EndGlobalSection
	GlobalSection(ProjectConfigurationPlatforms) = postSolution
		{BEEAE410-6397-4DC8-8BAC-9FC1C2FC04FC}.Debug|Any CPU.ActiveCfg = Debug|Any CPU
		{BEEAE410-6397-4DC8-8BAC-9FC1C2FC04FC}.Debug|Any CPU.Build.0 = Debug|Any CPU
		{BEEAE410-6397-4DC8-8BAC-9FC1C2FC04FC}.Release|Any CPU.ActiveCfg = Release|Any CPU
		{BEEAE410-6397-4DC8-8BAC-9FC1C2FC04FC}.Release|Any CPU.Build.0 = Release|Any CPU
	EndGlobalSection
	GlobalSection(SolutionProperties) = preSolution
		HideSolutionNode = FALSE
	EndGlobalSection
	GlobalSection(ExtensibilityGlobals) = postSolution
		SolutionGuid = {3929B211-748E-40FE-B27B-B16A3A584F15}
	EndGlobalSection
EndGlobal
